
Microsoft Visual Studio Solution File, Format Version 12.00
# Visual Studio 14
VisualStudioVersion = 14.0.23107.0
MinimumVisualStudioVersion = 10.0.40219.1
Project("{262852C6-CD72-467D-83FE-5EEB1973A190}") = "ManageMeMobile", "ManageMeMobile\ManageMeMobile.jsproj", "{322A6F26-ACBB-4795-B931-928087444923}"
EndProject
Project("{00D1A9C2-B5F0-4AF3-8072-F6C62B433612}") = "ManageMeMobileDB", "ManageMeMobileDB\ManageMeMobileDB.sqlproj", "{E1D67277-3E2F-4230-B26B-C5C52CA39277}"
EndProject
Global
	GlobalSection(SolutionConfigurationPlatforms) = preSolution
		Debug|Android = Debug|Android
		Debug|Any CPU = Debug|Any CPU
		Debug|iOS = Debug|iOS
		Debug|Windows Phone (Universal) = Debug|Windows Phone (Universal)
		Debug|Windows Phone 8 = Debug|Windows Phone 8
		Debug|Windows-AnyCPU = Debug|Windows-AnyCPU
		Debug|Windows-ARM = Debug|Windows-ARM
		Debug|Windows-x64 = Debug|Windows-x64
		Debug|Windows-x86 = Debug|Windows-x86
		Release|Android = Release|Android
		Release|Any CPU = Release|Any CPU
		Release|iOS = Release|iOS
		Release|Windows Phone (Universal) = Release|Windows Phone (Universal)
		Release|Windows Phone 8 = Release|Windows Phone 8
		Release|Windows-AnyCPU = Release|Windows-AnyCPU
		Release|Windows-ARM = Release|Windows-ARM
		Release|Windows-x64 = Release|Windows-x64
		Release|Windows-x86 = Release|Windows-x86
	EndGlobalSection
	GlobalSection(ProjectConfigurationPlatforms) = postSolution
		{322A6F26-ACBB-4795-B931-928087444923}.Debug|Android.ActiveCfg = Debug|Android
		{322A6F26-ACBB-4795-B931-928087444923}.Debug|Android.Build.0 = Debug|Android
		{322A6F26-ACBB-4795-B931-928087444923}.Debug|Android.Deploy.0 = Debug|Android
		{322A6F26-ACBB-4795-B931-928087444923}.Debug|Any CPU.ActiveCfg = Debug|Android
		{322A6F26-ACBB-4795-B931-928087444923}.Debug|iOS.ActiveCfg = Debug|iOS
		{322A6F26-ACBB-4795-B931-928087444923}.Debug|iOS.Build.0 = Debug|iOS
		{322A6F26-ACBB-4795-B931-928087444923}.Debug|iOS.Deploy.0 = Debug|iOS
		{322A6F26-ACBB-4795-B931-928087444923}.Debug|Windows Phone (Universal).ActiveCfg = Debug|Windows Phone (Universal)
		{322A6F26-ACBB-4795-B931-928087444923}.Debug|Windows Phone (Universal).Build.0 = Debug|Windows Phone (Universal)
		{322A6F26-ACBB-4795-B931-928087444923}.Debug|Windows Phone (Universal).Deploy.0 = Debug|Windows Phone (Universal)
		{322A6F26-ACBB-4795-B931-928087444923}.Debug|Windows Phone 8.ActiveCfg = Debug|Windows Phone 8
		{322A6F26-ACBB-4795-B931-928087444923}.Debug|Windows Phone 8.Build.0 = Debug|Windows Phone 8
		{322A6F26-ACBB-4795-B931-928087444923}.Debug|Windows Phone 8.Deploy.0 = Debug|Windows Phone 8
		{322A6F26-ACBB-4795-B931-928087444923}.Debug|Windows-AnyCPU.ActiveCfg = Debug|Windows-AnyCPU
		{322A6F26-ACBB-4795-B931-928087444923}.Debug|Windows-AnyCPU.Build.0 = Debug|Windows-AnyCPU
		{322A6F26-ACBB-4795-B931-928087444923}.Debug|Windows-AnyCPU.Deploy.0 = Debug|Windows-AnyCPU
		{322A6F26-ACBB-4795-B931-928087444923}.Debug|Windows-ARM.ActiveCfg = Debug|Windows-ARM
		{322A6F26-ACBB-4795-B931-928087444923}.Debug|Windows-ARM.Build.0 = Debug|Windows-ARM
		{322A6F26-ACBB-4795-B931-928087444923}.Debug|Windows-ARM.Deploy.0 = Debug|Windows-ARM
		{322A6F26-ACBB-4795-B931-928087444923}.Debug|Windows-x64.ActiveCfg = Debug|Windows-x64
		{322A6F26-ACBB-4795-B931-928087444923}.Debug|Windows-x64.Build.0 = Debug|Windows-x64
		{322A6F26-ACBB-4795-B931-928087444923}.Debug|Windows-x64.Deploy.0 = Debug|Windows-x64
		{322A6F26-ACBB-4795-B931-928087444923}.Debug|Windows-x86.ActiveCfg = Debug|Windows-x86
		{322A6F26-ACBB-4795-B931-928087444923}.Debug|Windows-x86.Build.0 = Debug|Windows-x86
		{322A6F26-ACBB-4795-B931-928087444923}.Debug|Windows-x86.Deploy.0 = Debug|Windows-x86
		{322A6F26-ACBB-4795-B931-928087444923}.Release|Android.ActiveCfg = Release|Android
		{322A6F26-ACBB-4795-B931-928087444923}.Release|Android.Build.0 = Release|Android
		{322A6F26-ACBB-4795-B931-928087444923}.Release|Android.Deploy.0 = Release|Android
		{322A6F26-ACBB-4795-B931-928087444923}.Release|Any CPU.ActiveCfg = Release|Android
		{322A6F26-ACBB-4795-B931-928087444923}.Release|iOS.ActiveCfg = Release|iOS
		{322A6F26-ACBB-4795-B931-928087444923}.Release|iOS.Build.0 = Release|iOS
		{322A6F26-ACBB-4795-B931-928087444923}.Release|iOS.Deploy.0 = Release|iOS
		{322A6F26-ACBB-4795-B931-928087444923}.Release|Windows Phone (Universal).ActiveCfg = Release|Windows Phone (Universal)
		{322A6F26-ACBB-4795-B931-928087444923}.Release|Windows Phone (Universal).Build.0 = Release|Windows Phone (Universal)
		{322A6F26-ACBB-4795-B931-928087444923}.Release|Windows Phone (Universal).Deploy.0 = Release|Windows Phone (Universal)
		{322A6F26-ACBB-4795-B931-928087444923}.Release|Windows Phone 8.ActiveCfg = Release|Windows Phone 8
		{322A6F26-ACBB-4795-B931-928087444923}.Release|Windows Phone 8.Build.0 = Release|Windows Phone 8
		{322A6F26-ACBB-4795-B931-928087444923}.Release|Windows Phone 8.Deploy.0 = Release|Windows Phone 8
		{322A6F26-ACBB-4795-B931-928087444923}.Release|Windows-AnyCPU.ActiveCfg = Release|Windows-AnyCPU
		{322A6F26-ACBB-4795-B931-928087444923}.Release|Windows-AnyCPU.Build.0 = Release|Windows-AnyCPU
		{322A6F26-ACBB-4795-B931-928087444923}.Release|Windows-AnyCPU.Deploy.0 = Release|Windows-AnyCPU
		{322A6F26-ACBB-4795-B931-928087444923}.Release|Windows-ARM.ActiveCfg = Release|Windows-ARM
		{322A6F26-ACBB-4795-B931-928087444923}.Release|Windows-ARM.Build.0 = Release|Windows-ARM
		{322A6F26-ACBB-4795-B931-928087444923}.Release|Windows-ARM.Deploy.0 = Release|Windows-ARM
		{322A6F26-ACBB-4795-B931-928087444923}.Release|Windows-x64.ActiveCfg = Release|Windows-x64
		{322A6F26-ACBB-4795-B931-928087444923}.Release|Windows-x64.Build.0 = Release|Windows-x64
		{322A6F26-ACBB-4795-B931-928087444923}.Release|Windows-x64.Deploy.0 = Release|Windows-x64
		{322A6F26-ACBB-4795-B931-928087444923}.Release|Windows-x86.ActiveCfg = Release|Windows-x86
		{322A6F26-ACBB-4795-B931-928087444923}.Release|Windows-x86.Build.0 = Release|Windows-x86
		{322A6F26-ACBB-4795-B931-928087444923}.Release|Windows-x86.Deploy.0 = Release|Windows-x86
		{E1D67277-3E2F-4230-B26B-C5C52CA39277}.Debug|Android.ActiveCfg = Debug|Any CPU
		{E1D67277-3E2F-4230-B26B-C5C52CA39277}.Debug|Android.Build.0 = Debug|Any CPU
		{E1D67277-3E2F-4230-B26B-C5C52CA39277}.Debug|Android.Deploy.0 = Debug|Any CPU
		{E1D67277-3E2F-4230-B26B-C5C52CA39277}.Debug|Any CPU.ActiveCfg = Debug|Any CPU
		{E1D67277-3E2F-4230-B26B-C5C52CA39277}.Debug|Any CPU.Build.0 = Debug|Any CPU
		{E1D67277-3E2F-4230-B26B-C5C52CA39277}.Debug|Any CPU.Deploy.0 = Debug|Any CPU
		{E1D67277-3E2F-4230-B26B-C5C52CA39277}.Debug|iOS.ActiveCfg = Debug|Any CPU
		{E1D67277-3E2F-4230-B26B-C5C52CA39277}.Debug|iOS.Build.0 = Debug|Any CPU
		{E1D67277-3E2F-4230-B26B-C5C52CA39277}.Debug|iOS.Deploy.0 = Debug|Any CPU
		{E1D67277-3E2F-4230-B26B-C5C52CA39277}.Debug|Windows Phone (Universal).ActiveCfg = Debug|Any CPU
		{E1D67277-3E2F-4230-B26B-C5C52CA39277}.Debug|Windows Phone (Universal).Build.0 = Debug|Any CPU
		{E1D67277-3E2F-4230-B26B-C5C52CA39277}.Debug|Windows Phone (Universal).Deploy.0 = Debug|Any CPU
		{E1D67277-3E2F-4230-B26B-C5C52CA39277}.Debug|Windows Phone 8.ActiveCfg = Debug|Any CPU
		{E1D67277-3E2F-4230-B26B-C5C52CA39277}.Debug|Windows Phone 8.Build.0 = Debug|Any CPU
		{E1D67277-3E2F-4230-B26B-C5C52CA39277}.Debug|Windows Phone 8.Deploy.0 = Debug|Any CPU
		{E1D67277-3E2F-4230-B26B-C5C52CA39277}.Debug|Windows-AnyCPU.ActiveCfg = Debug|Any CPU
		{E1D67277-3E2F-4230-B26B-C5C52CA39277}.Debug|Windows-AnyCPU.Build.0 = Debug|Any CPU
		{E1D67277-3E2F-4230-B26B-C5C52CA39277}.Debug|Windows-AnyCPU.Deploy.0 = Debug|Any CPU
		{E1D67277-3E2F-4230-B26B-C5C52CA39277}.Debug|Windows-ARM.ActiveCfg = Debug|Any CPU
		{E1D67277-3E2F-4230-B26B-C5C52CA39277}.Debug|Windows-ARM.Build.0 = Debug|Any CPU
		{E1D67277-3E2F-4230-B26B-C5C52CA39277}.Debug|Windows-ARM.Deploy.0 = Debug|Any CPU
		{E1D67277-3E2F-4230-B26B-C5C52CA39277}.Debug|Windows-x64.ActiveCfg = Debug|Any CPU
		{E1D67277-3E2F-4230-B26B-C5C52CA39277}.Debug|Windows-x64.Build.0 = Debug|Any CPU
		{E1D67277-3E2F-4230-B26B-C5C52CA39277}.Debug|Windows-x64.Deploy.0 = Debug|Any CPU
		{E1D67277-3E2F-4230-B26B-C5C52CA39277}.Debug|Windows-x86.ActiveCfg = Debug|Any CPU
		{E1D67277-3E2F-4230-B26B-C5C52CA39277}.Debug|Windows-x86.Build.0 = Debug|Any CPU
		{E1D67277-3E2F-4230-B26B-C5C52CA39277}.Debug|Windows-x86.Deploy.0 = Debug|Any CPU
		{E1D67277-3E2F-4230-B26B-C5C52CA39277}.Release|Android.ActiveCfg = Release|Any CPU
		{E1D67277-3E2F-4230-B26B-C5C52CA39277}.Release|Android.Build.0 = Release|Any CPU
		{E1D67277-3E2F-4230-B26B-C5C52CA39277}.Release|Android.Deploy.0 = Release|Any CPU
		{E1D67277-3E2F-4230-B26B-C5C52CA39277}.Release|Any CPU.ActiveCfg = Release|Any CPU
		{E1D67277-3E2F-4230-B26B-C5C52CA39277}.Release|Any CPU.Build.0 = Release|Any CPU
		{E1D67277-3E2F-4230-B26B-C5C52CA39277}.Release|Any CPU.Deploy.0 = Release|Any CPU
		{E1D67277-3E2F-4230-B26B-C5C52CA39277}.Release|iOS.ActiveCfg = Release|Any CPU
		{E1D67277-3E2F-4230-B26B-C5C52CA39277}.Release|iOS.Build.0 = Release|Any CPU
		{E1D67277-3E2F-4230-B26B-C5C52CA39277}.Release|iOS.Deploy.0 = Release|Any CPU
		{E1D67277-3E2F-4230-B26B-C5C52CA39277}.Release|Windows Phone (Universal).ActiveCfg = Release|Any CPU
		{E1D67277-3E2F-4230-B26B-C5C52CA39277}.Release|Windows Phone (Universal).Build.0 = Release|Any CPU
		{E1D67277-3E2F-4230-B26B-C5C52CA39277}.Release|Windows Phone (Universal).Deploy.0 = Release|Any CPU
		{E1D67277-3E2F-4230-B26B-C5C52CA39277}.Release|Windows Phone 8.ActiveCfg = Release|Any CPU
		{E1D67277-3E2F-4230-B26B-C5C52CA39277}.Release|Windows Phone 8.Build.0 = Release|Any CPU
		{E1D67277-3E2F-4230-B26B-C5C52CA39277}.Release|Windows Phone 8.Deploy.0 = Release|Any CPU
		{E1D67277-3E2F-4230-B26B-C5C52CA39277}.Release|Windows-AnyCPU.ActiveCfg = Release|Any CPU
		{E1D67277-3E2F-4230-B26B-C5C52CA39277}.Release|Windows-AnyCPU.Build.0 = Release|Any CPU
		{E1D67277-3E2F-4230-B26B-C5C52CA39277}.Release|Windows-AnyCPU.Deploy.0 = Release|Any CPU
		{E1D67277-3E2F-4230-B26B-C5C52CA39277}.Release|Windows-ARM.ActiveCfg = Release|Any CPU
		{E1D67277-3E2F-4230-B26B-C5C52CA39277}.Release|Windows-ARM.Build.0 = Release|Any CPU
		{E1D67277-3E2F-4230-B26B-C5C52CA39277}.Release|Windows-ARM.Deploy.0 = Release|Any CPU
		{E1D67277-3E2F-4230-B26B-C5C52CA39277}.Release|Windows-x64.ActiveCfg = Release|Any CPU
		{E1D67277-3E2F-4230-B26B-C5C52CA39277}.Release|Windows-x64.Build.0 = Release|Any CPU
		{E1D67277-3E2F-4230-B26B-C5C52CA39277}.Release|Windows-x64.Deploy.0 = Release|Any CPU
		{E1D67277-3E2F-4230-B26B-C5C52CA39277}.Release|Windows-x86.ActiveCfg = Release|Any CPU
		{E1D67277-3E2F-4230-B26B-C5C52CA39277}.Release|Windows-x86.Build.0 = Release|Any CPU
		{E1D67277-3E2F-4230-B26B-C5C52CA39277}.Release|Windows-x86.Deploy.0 = Release|Any CPU
	EndGlobalSection
	GlobalSection(SolutionProperties) = preSolution
		HideSolutionNode = FALSE
	EndGlobalSection
EndGlobal
